# Source: Pathfinder 2e Remastered (Player Core / Player Core 2) by Paizo Inc.,
# released under the Open RPG Creative (ORC) License. Pulled directly from the
# official Archives of Nethys database (elasticsearch.aonprd.com).
name: aggressive_block
system: pf2e
mechanicalSummary: You push back as you block, knocking your foe away or off balance.
extraPools: []
classes: [fighter]
level: 2
