# Source: Pathfinder 2e Remastered (Player Core / Player Core 2) by Paizo Inc.,
# released under the Open RPG Creative (ORC) License. Pulled directly from the
# official Archives of Nethys database (elasticsearch.aonprd.com).
name: channeling_block
system: pf2e
prerequisite: Shield Block
prerequisites:
  - { feat: shield_block }
mechanicalSummary: You pour divine energy into a desperate block.
extraPools: []
category: class
classes: [cleric]
level: 14
