# Source: Pathfinder 2e Remastered (Player Core / Player Core 2) by Paizo Inc.,
# released under the Open RPG Creative (ORC) License. Pulled directly from the
# official Archives of Nethys database (elasticsearch.aonprd.com).
name: quick_shield_block
system: pf2e
prerequisite: Shield Block
mechanicalSummary: You can bring your shield into place with hardly a thought.
extraPools: []
classes: [champion, fighter]
level: 8
